Microsoft Visual Studio Solution File, Format Version 10.00
# Visual Studio 2008
Project("{8BC9CEB8-8B4A-11D0-8D11-00A0C91BC942}") = "e", "e.vcproj", "{34A9B5C4-22D3-4F14-A896-0F12FDF194C5}"
EndProject
Project("{8BC9CEB8-8B4A-11D0-8D11-00A0C91BC942}") = "etests-win", "etests-win\etests-win.vcproj", "{533C8F7F-88A8-4C5E-B4DA-8D6CFA68C9BC}"
	ProjectSection(ProjectDependencies) = postProject
		{34A9B5C4-22D3-4F14-A896-0F12FDF194C5} = {34A9B5C4-22D3-4F14-A896-0F12FDF194C5}
	EndProjectSection
EndProject
Global
	GlobalSection(SolutionConfigurationPlatforms) = preSolution
		Debug|Win32 = Debug|Win32
		Release|Win32 = Release|Win32
	EndGlobalSection
	GlobalSection(ProjectConfigurationPlatforms) = postSolution
		{34A9B5C4-22D3-4F14-A896-0F12FDF194C5}.Debug|Win32.ActiveCfg = Debug|Win32
		{34A9B5C4-22D3-4F14-A896-0F12FDF194C5}.Debug|Win32.Build.0 = Debug|Win32
		{34A9B5C4-22D3-4F14-A896-0F12FDF194C5}.Release|Win32.ActiveCfg = Release|Win32
		{34A9B5C4-22D3-4F14-A896-0F12FDF194C5}.Release|Win32.Build.0 = Release|Win32
		{533C8F7F-88A8-4C5E-B4DA-8D6CFA68C9BC}.Debug|Win32.ActiveCfg = Debug|Win32
		{533C8F7F-88A8-4C5E-B4DA-8D6CFA68C9BC}.Debug|Win32.Build.0 = Debug|Win32
		{533C8F7F-88A8-4C5E-B4DA-8D6CFA68C9BC}.Release|Win32.ActiveCfg = Release|Win32
		{533C8F7F-88A8-4C5E-B4DA-8D6CFA68C9BC}.Release|Win32.Build.0 = Release|Win32
	EndGlobalSection
	GlobalSection(SolutionProperties) = preSolution
		HideSolutionNode = FALSE
	EndGlobalSection
EndGlobal
